
Microsoft Visual Studio Solution File, Format Version 12.00
# Visual Studio 2013
VisualStudioVersion = 12.0.31101.0
MinimumVisualStudioVersion = 10.0.40219.1
Project("{FAE04EC0-301F-11D3-BF4B-00C04F79EFBC}") = "Website", "Website\Website.csproj", "{45A2DD8A-7E6D-4CE4-9696-E46AD1D7CB6A}"
EndProject
Project("{2150E333-8FDC-42A3-9474-1A3956D46DE8}") = "Test", "Test", "{CE45A10E-CAF8-4351-8703-354D0F2F4A65}"
EndProject
Project("{2150E333-8FDC-42A3-9474-1A3956D46DE8}") = "Unit", "Unit", "{BD492CA6-C199-4878-A53E-5FC1B3766348}"
EndProject
Project("{FAE04EC0-301F-11D3-BF4B-00C04F79EFBC}") = "Website.Test", "test\unit\Website.Test\Website.Test.csproj", "{8B061F90-1407-4010-B345-5EC0BAC84A9A}"
EndProject
Global
	GlobalSection(SolutionConfigurationPlatforms) = preSolution
		Debug|Any CPU = Debug|Any CPU
		Release|Any CPU = Release|Any CPU
	EndGlobalSection
	GlobalSection(ProjectConfigurationPlatforms) = postSolution
		{45A2DD8A-7E6D-4CE4-9696-E46AD1D7CB6A}.Debug|Any CPU.ActiveCfg = Debug|Any CPU
		{45A2DD8A-7E6D-4CE4-9696-E46AD1D7CB6A}.Debug|Any CPU.Build.0 = Debug|Any CPU
		{45A2DD8A-7E6D-4CE4-9696-E46AD1D7CB6A}.Release|Any CPU.ActiveCfg = Release|Any CPU
		{45A2DD8A-7E6D-4CE4-9696-E46AD1D7CB6A}.Release|Any CPU.Build.0 = Release|Any CPU
		{8B061F90-1407-4010-B345-5EC0BAC84A9A}.Debug|Any CPU.ActiveCfg = Debug|Any CPU
		{8B061F90-1407-4010-B345-5EC0BAC84A9A}.Debug|Any CPU.Build.0 = Debug|Any CPU
		{8B061F90-1407-4010-B345-5EC0BAC84A9A}.Release|Any CPU.ActiveCfg = Release|Any CPU
		{8B061F90-1407-4010-B345-5EC0BAC84A9A}.Release|Any CPU.Build.0 = Release|Any CPU
	EndGlobalSection
	GlobalSection(SolutionProperties) = preSolution
		HideSolutionNode = FALSE
	EndGlobalSection
	GlobalSection(NestedProjects) = preSolution
		{BD492CA6-C199-4878-A53E-5FC1B3766348} = {CE45A10E-CAF8-4351-8703-354D0F2F4A65}
		{8B061F90-1407-4010-B345-5EC0BAC84A9A} = {BD492CA6-C199-4878-A53E-5FC1B3766348}
	EndGlobalSection
EndGlobal
